// !$*UTF8*$!
{
	archiveVersion = 1;
	classes = {
	};
	objectVersion = 46;
	objects = {

/* Begin PBXBuildFile section */
		731B3BB31BF5AE0E00AB44EA /* SolveViewController.swift in Sources */ = {isa = PBXBuildFile; fileRef = 731B3BB21BF5AE0E00AB44EA /* SolveViewController.swift */; };
		7339B3081BF53D770016D5B8 /* QuizTableViewController.swift in Sources */ = {isa = PBXBuildFile; fileRef = 7339B3071BF53D770016D5B8 /* QuizTableViewController.swift */; };
		7339B30A1BF5418D0016D5B8 /* QuestionViewController.swift in Sources */ = {isa = PBXBuildFile; fileRef = 7339B3091BF5418D0016D5B8 /* QuestionViewController.swift */; };
		7339B30C1BF54EFF0016D5B8 /* AnswerViewController.swift in Sources */ = {isa = PBXBuildFile; fileRef = 7339B30B1BF54EFF0016D5B8 /* AnswerViewController.swift */; };
		736588E41BF536F600B40BDA /* AppDelegate.swift in Sources */ = {isa = PBXBuildFile; fileRef = 736588E31BF536F600B40BDA /* AppDelegate.swift */; };
		736588E61BF536F600B40BDA /* ViewController.swift in Sources */ = {isa = PBXBuildFile; fileRef = 736588E51BF536F600B40BDA /* ViewController.swift */; };
		736588E91BF536F600B40BDA /* Main.storyboard in Resources */ = {isa = PBXBuildFile; fileRef = 736588E71BF536F600B40BDA /* Main.storyboard */; };
		736588EB1BF536F600B40BDA /* Assets.xcassets in Resources */ = {isa = PBXBuildFile; fileRef = 736588EA1BF536F600B40BDA /* Assets.xcassets */; };
		736588EE1BF536F600B40BDA /* LaunchScreen.storyboard in Resources */ = {isa = PBXBuildFile; fileRef = 736588EC1BF536F600B40BDA /* LaunchScreen.storyboard */; };
		736588F91BF536F600B40BDA /* iQuiz_part2_Tests.swift in Sources */ = {isa = PBXBuildFile; fileRef = 736588F81BF536F600B40BDA /* iQuiz_part2_Tests.swift */; };
		736589041BF536F600B40BDA /* iQuiz_part2_UITests.swift in Sources */ = {isa = PBXBuildFile; fileRef = 736589031BF536F600B40BDA /* iQuiz_part2_UITests.swift */; };
		736589121BF5388C00B40BDA /* QuizCell.swift in Sources */ = {isa = PBXBuildFile; fileRef = 736589111BF5388C00B40BDA /* QuizCell.swift */; };
		73829ACD1BF7F12E00816BB0 /* NavViewController.swift in Sources */ = {isa = PBXBuildFile; fileRef = 73829ACC1BF7F12E00816BB0 /* NavViewController.swift */; };
		73B22E331BFC30B500707072 /* SettingsViewController.swift in Sources */ = {isa = PBXBuildFile; fileRef = 73B22E321BFC30B500707072 /* SettingsViewController.swift */; };
/* End PBXBuildFile section */

/* Begin PBXContainerItemProxy section */
		736588F51BF536F600B40BDA /* PBXContainerItemProxy */ = {
			isa = PBXContainerItemProxy;
			containerPortal = 736588D81BF536F600B40BDA /* Project object */;
			proxyType = 1;
			remoteGlobalIDString = 736588DF1BF536F600B40BDA;
			remoteInfo = "iQuiz(part2)";
		};
		736589001BF536F600B40BDA /* PBXContainerItemProxy */ = {
			isa = PBXContainerItemProxy;
			containerPortal = 736588D81BF536F600B40BDA /* Project object */;
			proxyType = 1;
			remoteGlobalIDString = 736588DF1BF536F600B40BDA;
			remoteInfo = "iQuiz(part2)";
		};
/* End PBXContainerItemProxy section */

/* Begin PBXFileReference section */
		731B3BB21BF5AE0E00AB44EA /* SolveViewController.swift */ = {isa = PBXFileReference; fileEncoding = 4; lastKnownFileType = sourcecode.swift; path = SolveViewController.swift; sourceTree = "<group>"; };
		7339B3071BF53D770016D5B8 /* QuizTableViewController.swift */ = {isa = PBXFileReference; fileEncoding = 4; lastKnownFileType = sourcecode.swift; name = QuizTableViewController.swift; path = ../QuizTableViewController.swift; sourceTree = "<group>"; };
		7339B3091BF5418D0016D5B8 /* QuestionViewController.swift */ = {isa = PBXFileReference; fileEncoding = 4; lastKnownFileType = sourcecode.swift; path = QuestionViewController.swift; sourceTree = "<group>"; };
		7339B30B1BF54EFF0016D5B8 /* AnswerViewController.swift */ = {isa = PBXFileReference; fileEncoding = 4; lastKnownFileType = sourcecode.swift; path = AnswerViewController.swift; sourceTree = "<group>"; };
		736588E01BF536F600B40BDA /* iQuiz(part2).app */ = {isa = PBXFileReference; explicitFileType = wrapper.application; includeInIndex = 0; path = "iQuiz(part2).app"; sourceTree = BUILT_PRODUCTS_DIR; };
		736588E31BF536F600B40BDA /* AppDelegate.swift */ = {isa = PBXFileReference; lastKnownFileType = sourcecode.swift; path = AppDelegate.swift; sourceTree = "<group>"; };
		736588E51BF536F600B40BDA /* ViewController.swift */ = {isa = PBXFileReference; lastKnownFileType = sourcecode.swift; path = ViewController.swift; sourceTree = "<group>"; };
		736588E81BF536F600B40BDA /* Base */ = {isa = PBXFileReference; lastKnownFileType = file.storyboard; name = Base; path = Base.lproj/Main.storyboard; sourceTree = "<group>"; };
		736588EA1BF536F600B40BDA /* Assets.xcassets */ = {isa = PBXFileReference; lastKnownFileType = folder.assetcatalog; path = Assets.xcassets; sourceTree = "<group>"; };
		736588ED1BF536F600B40BDA /* Base */ = {isa = PBXFileReference; lastKnownFileType = file.storyboard; name = Base; path = Base.lproj/LaunchScreen.storyboard; sourceTree = "<group>"; };
		736588EF1BF536F600B40BDA /* Info.plist */ = {isa = PBXFileReference; lastKnownFileType = text.plist.xml; path = Info.plist; sourceTree = "<group>"; };
		736588F41BF536F600B40BDA /* iQuiz(part2)Tests.xctest */ = {isa = PBXFileReference; explicitFileType = wrapper.cfbundle; includeInIndex = 0; path = "iQuiz(part2)Tests.xctest"; sourceTree = BUILT_PRODUCTS_DIR; };
		736588F81BF536F600B40BDA /* iQuiz_part2_Tests.swift */ = {isa = PBXFileReference; lastKnownFileType = sourcecode.swift; path = iQuiz_part2_Tests.swift; sourceTree = "<group>"; };
		736588FA1BF536F600B40BDA /* Info.plist */ = {isa = PBXFileReference; lastKnownFileType = text.plist.xml; path = Info.plist; sourceTree = "<group>"; };
		736588FF1BF536F600B40BDA /* iQuiz(part2)UITests.xctest */ = {isa = PBXFileReference; explicitFileType = wrapper.cfbundle; includeInIndex = 0; path = "iQuiz(part2)UITests.xctest"; sourceTree = BUILT_PRODUCTS_DIR; };
		736589031BF536F600B40BDA /* iQuiz_part2_UITests.swift */ = {isa = PBXFileReference; lastKnownFileType = sourcecode.swift; path = iQuiz_part2_UITests.swift; sourceTree = "<group>"; };
		736589051BF536F600B40BDA /* Info.plist */ = {isa = PBXFileReference; lastKnownFileType = text.plist.xml; path = Info.plist; sourceTree = "<group>"; };
		736589111BF5388C00B40BDA /* QuizCell.swift */ = {isa = PBXFileReference; fileEncoding = 4; lastKnownFileType = sourcecode.swift; path = QuizCell.swift; sourceTree = "<group>"; };
		73829ACC1BF7F12E00816BB0 /* NavViewController.swift */ = {isa = PBXFileReference; fileEncoding = 4; lastKnownFileType = sourcecode.swift; path = NavViewController.swift; sourceTree = "<group>"; };
		73B22E321BFC30B500707072 /* SettingsViewController.swift */ = {isa = PBXFileReference; fileEncoding = 4; lastKnownFileType = sourcecode.swift; path = SettingsViewController.swift; sourceTree = "<group>"; };
/* End PBXFileReference section */

/* Begin PBXFrameworksBuildPhase section */
		736588DD1BF536F600B40BDA /* Frameworks */ = {
			isa = PBXFrameworksBuildPhase;
			buildActionMask = 2147483647;
			files = (
			);
			runOnlyForDeploymentPostprocessing = 0;
		};
		736588F11BF536F600B40BDA /* Frameworks */ = {
			isa = PBXFrameworksBuildPhase;
			buildActionMask = 2147483647;
			files = (
			);
			runOnlyForDeploymentPostprocessing = 0;
		};
		736588FC1BF536F600B40BDA /* Frameworks */ = {
			isa = PBXFrameworksBuildPhase;
			buildActionMask = 2147483647;
			files = (
			);
			runOnlyForDeploymentPostprocessing = 0;
		};
/* End PBXFrameworksBuildPhase section */

/* Begin PBXGroup section */
		736588D71BF536F600B40BDA = {
			isa = PBXGroup;
			children = (
				736588E21BF536F600B40BDA /* iQuiz(part2) */,
				736588F71BF536F600B40BDA /* iQuiz(part2)Tests */,
				736589021BF536F600B40BDA /* iQuiz(part2)UITests */,
				736588E11BF536F600B40BDA /* Products */,
			);
			sourceTree = "<group>";
		};
		736588E11BF536F600B40BDA /* Products */ = {
			isa = PBXGroup;
			children = (
				736588E01BF536F600B40BDA /* iQuiz(part2).app */,
				736588F41BF536F600B40BDA /* iQuiz(part2)Tests.xctest */,
				736588FF1BF536F600B40BDA /* iQuiz(part2)UITests.xctest */,
			);
			name = Products;
			sourceTree = "<group>";
		};
		736588E21BF536F600B40BDA /* iQuiz(part2) */ = {
			isa = PBXGroup;
			children = (
				736588E31BF536F600B40BDA /* AppDelegate.swift */,
				736588E51BF536F600B40BDA /* ViewController.swift */,
				736588E71BF536F600B40BDA /* Main.storyboard */,
				73B22E321BFC30B500707072 /* SettingsViewController.swift */,
				73829ACC1BF7F12E00816BB0 /* NavViewController.swift */,
				731B3BB21BF5AE0E00AB44EA /* SolveViewController.swift */,
				7339B30B1BF54EFF0016D5B8 /* AnswerViewController.swift */,
				7339B3091BF5418D0016D5B8 /* QuestionViewController.swift */,
				7339B3071BF53D770016D5B8 /* QuizTableViewController.swift */,
				736589111BF5388C00B40BDA /* QuizCell.swift */,
				736588EA1BF536F600B40BDA /* Assets.xcassets */,
				736588EC1BF536F600B40BDA /* LaunchScreen.storyboard */,
				736588EF1BF536F600B40BDA /* Info.plist */,
			);
			path = "iQuiz(part2)";
			sourceTree = "<group>";
		};
		736588F71BF536F600B40BDA /* iQuiz(part2)Tests */ = {
			isa = PBXGroup;
			children = (
				736588F81BF536F600B40BDA /* iQuiz_part2_Tests.swift */,
				736588FA1BF536F600B40BDA /* Info.plist */,
			);
			path = "iQuiz(part2)Tests";
			sourceTree = "<group>";
		};
		736589021BF536F600B40BDA /* iQuiz(part2)UITests */ = {
			isa = PBXGroup;
			children = (
				736589031BF536F600B40BDA /* iQuiz_part2_UITests.swift */,
				736589051BF536F600B40BDA /* Info.plist */,
			);
			path = "iQuiz(part2)UITests";
			sourceTree = "<group>";
		};
/* End PBXGroup section */

/* Begin PBXNativeTarget section */
		736588DF1BF536F600B40BDA /* iQuiz(part2) */ = {
			isa = PBXNativeTarget;
			buildConfigurationList = 736589081BF536F600B40BDA /* Build configuration list for PBXNativeTarget "iQuiz(part2)" */;
			buildPhases = (
				736588DC1BF536F600B40BDA /* Sources */,
				736588DD1BF536F600B40BDA /* Frameworks */,
				736588DE1BF536F600B40BDA /* Resources */,
			);
			buildRules = (
			);
			dependencies = (
			);
			name = "iQuiz(part2)";
			productName = "iQuiz(part2)";
			productReference = 736588E01BF536F600B40BDA /* iQuiz(part2).app */;
			productType = "com.apple.product-type.application";
		};
		736588F31BF536F600B40BDA /* iQuiz(part2)Tests */ = {
			isa = PBXNativeTarget;
			buildConfigurationList = 7365890B1BF536F600B40BDA /* Build configuration list for PBXNativeTarget "iQuiz(part2)Tests" */;
			buildPhases = (
				736588F01BF536F600B40BDA /* Sources */,
				736588F11BF536F600B40BDA /* Frameworks */,
				736588F21BF536F600B40BDA /* Resources */,
			);
			buildRules = (
			);
			dependencies = (
				736588F61BF536F600B40BDA /* PBXTargetDependency */,
			);
			name = "iQuiz(part2)Tests";
			productName = "iQuiz(part2)Tests";
			productReference = 736588F41BF536F600B40BDA /* iQuiz(part2)Tests.xctest */;
			productType = "com.apple.product-type.bundle.unit-test";
		};
		736588FE1BF536F600B40BDA /* iQuiz(part2)UITests */ = {
			isa = PBXNativeTarget;
			buildConfigurationList = 7365890E1BF536F600B40BDA /* Build configuration list for PBXNativeTarget "iQuiz(part2)UITests" */;
			buildPhases = (
				736588FB1BF536F600B40BDA /* Sources */,
				736588FC1BF536F600B40BDA /* Frameworks */,
				736588FD1BF536F600B40BDA /* Resources */,
			);
			buildRules = (
			);
			dependencies = (
				736589011BF536F600B40BDA /* PBXTargetDependency */,
			);
			name = "iQuiz(part2)UITests";
			productName = "iQuiz(part2)UITests";
			productReference = 736588FF1BF536F600B40BDA /* iQuiz(part2)UITests.xctest */;
			productType = "com.apple.product-type.bundle.ui-testing";
		};
/* End PBXNativeTarget section */

/* Begin PBXProject section */
		736588D81BF536F600B40BDA /* Project object */ = {
			isa = PBXProject;
			attributes = {
				LastSwiftUpdateCheck = 0710;
				LastUpgradeCheck = 0710;
				ORGANIZATIONNAME = "Woosuk Seo";
				TargetAttributes = {
					736588DF1BF536F600B40BDA = {
						CreatedOnToolsVersion = 7.1;
					};
					736588F31BF536F600B40BDA = {
						CreatedOnToolsVersion = 7.1;
						TestTargetID = 736588DF1BF536F600B40BDA;
					};
					736588FE1BF536F600B40BDA = {
						CreatedOnToolsVersion = 7.1;
						TestTargetID = 736588DF1BF536F600B40BDA;
					};
				};
			};
			buildConfigurationList = 736588DB1BF536F600B40BDA /* Build configuration list for PBXProject "iQuiz(part2)" */;
			compatibilityVersion = "Xcode 3.2";
			developmentRegion = English;
			hasScannedForEncodings = 0;
			knownRegions = (
				en,
				Base,
			);
			mainGroup = 736588D71BF536F600B40BDA;
			productRefGroup = 736588E11BF536F600B40BDA /* Products */;
			projectDirPath = "";
			projectRoot = "";
			targets = (
				736588DF1BF536F600B40BDA /* iQuiz(part2) */,
				736588F31BF536F600B40BDA /* iQuiz(part2)Tests */,
				736588FE1BF536F600B40BDA /* iQuiz(part2)UITests */,
			);
		};
/* End PBXProject section */

/* Begin PBXResourcesBuildPhase section */
		736588DE1BF536F600B40BDA /* Resources */ = {
			isa = PBXResourcesBuildPhase;
			buildActionMask = 2147483647;
			files = (
				736588EE1BF536F600B40BDA /* LaunchScreen.storyboard in Resources */,
				736588EB1BF536F600B40BDA /* Assets.xcassets in Resources */,
				736588E91BF536F600B40BDA /* Main.storyboard in Resources */,
			);
			runOnlyForDeploymentPostprocessing = 0;
		};
		736588F21BF536F600B40BDA /* Resources */ = {
			isa = PBXResourcesBuildPhase;
			buildActionMask = 2147483647;
			files = (
			);
			runOnlyForDeploymentPostprocessing = 0;
		};
		736588FD1BF536F600B40BDA /* Resources */ = {
			isa = PBXResourcesBuildPhase;
			buildActionMask = 2147483647;
			files = (
			);
			runOnlyForDeploymentPostprocessing = 0;
		};
/* End PBXResourcesBuildPhase section */

/* Begin PBXSourcesBuildPhase section */
		736588DC1BF536F600B40BDA /* Sources */ = {
			isa = PBXSourcesBuildPhase;
			buildActionMask = 2147483647;
			files = (
				7339B30C1BF54EFF0016D5B8 /* AnswerViewController.swift in Sources */,
				7339B3081BF53D770016D5B8 /* QuizTableViewController.swift in Sources */,
				7339B30A1BF5418D0016D5B8 /* QuestionViewController.swift in Sources */,
				736589121BF5388C00B40BDA /* QuizCell.swift in Sources */,
				731B3BB31BF5AE0E00AB44EA /* SolveViewController.swift in Sources */,
				736588E61BF536F600B40BDA /* ViewController.swift in Sources */,
				73829ACD1BF7F12E00816BB0 /* NavViewController.swift in Sources */,
				736588E41BF536F600B40BDA /* AppDelegate.swift in Sources */,
				73B22E331BFC30B500707072 /* SettingsViewController.swift in Sources */,
			);
			runOnlyForDeploymentPostprocessing = 0;
		};
		736588F01BF536F600B40BDA /* Sources */ = {
			isa = PBXSourcesBuildPhase;
			buildActionMask = 2147483647;
			files = (
				736588F91BF536F600B40BDA /* iQuiz_part2_Tests.swift in Sources */,
			);
			runOnlyForDeploymentPostprocessing = 0;
		};
		736588FB1BF536F600B40BDA /* Sources */ = {
			isa = PBXSourcesBuildPhase;
			buildActionMask = 2147483647;
			files = (
				736589041BF536F600B40BDA /* iQuiz_part2_UITests.swift in Sources */,
			);
			runOnlyForDeploymentPostprocessing = 0;
		};
/* End PBXSourcesBuildPhase section */

/* Begin PBXTargetDependency section */
		736588F61BF536F600B40BDA /* PBXTargetDependency */ = {
			isa = PBXTargetDependency;
			target = 736588DF1BF536F600B40BDA /* iQuiz(part2) */;
			targetProxy = 736588F51BF536F600B40BDA /* PBXContainerItemProxy */;
		};
		736589011BF536F600B40BDA /* PBXTargetDependency */ = {
			isa = PBXTargetDependency;
			target = 736588DF1BF536F600B40BDA /* iQuiz(part2) */;
			targetProxy = 736589001BF536F600B40BDA /* PBXContainerItemProxy */;
		};
/* End PBXTargetDependency section */

/* Begin PBXVariantGroup section */
		736588E71BF536F600B40BDA /* Main.storyboard */ = {
			isa = PBXVariantGroup;
			children = (
				736588E81BF536F600B40BDA /* Base */,
			);
			name = Main.storyboard;
			sourceTree = "<group>";
		};
		736588EC1BF536F600B40BDA /* LaunchScreen.storyboard */ = {
			isa = PBXVariantGroup;
			children = (
				736588ED1BF536F600B40BDA /* Base */,
			);
			name = LaunchScreen.storyboard;
			sourceTree = "<group>";
		};
/* End PBXVariantGroup section */

/* Begin XCBuildConfiguration section */
		736589061BF536F600B40BDA /* Debug */ = {
			isa = XCBuildConfiguration;
			buildSettings = {
				ALWAYS_SEARCH_USER_PATHS = NO;
				CLANG_CXX_LANGUAGE_STANDARD = "gnu++0x";
				CLANG_CXX_LIBRARY = "libc++";
				CLANG_ENABLE_MODULES = YES;
				CLANG_ENABLE_OBJC_ARC = YES;
				CLANG_WARN_BOOL_CONVERSION = YES;
				CLANG_WARN_CONSTANT_CONVERSION = YES;
				CLANG_WARN_DIRECT_OBJC_ISA_USAGE = YES_ERROR;
				CLANG_WARN_EMPTY_BODY = YES;
				CLANG_WARN_ENUM_CONVERSION = YES;
				CLANG_WARN_INT_CONVERSION = YES;
				CLANG_WARN_OBJC_ROOT_CLASS = YES_ERROR;
				CLANG_WARN_UNREACHABLE_CODE = YES;
				CLANG_WARN__DUPLICATE_METHOD_MATCH = YES;
				"CODE_SIGN_IDENTITY[sdk=iphoneos*]" = "iPhone Developer";
				COPY_PHASE_STRIP = NO;
				DEBUG_INFORMATION_FORMAT = dwarf;
				ENABLE_STRICT_OBJC_MSGSEND = YES;
				ENABLE_TESTABILITY = YES;
				GCC_C_LANGUAGE_STANDARD = gnu99;
				GCC_DYNAMIC_NO_PIC = NO;
				GCC_NO_COMMON_BLOCKS = YES;
				GCC_OPTIMIZATION_LEVEL = 0;
				GCC_PREPROCESSOR_DEFINITIONS = (
					"DEBUG=1",
					"$(inherited)",
				);
				GCC_WARN_64_TO_32_BIT_CONVERSION = YES;
				GCC_WARN_ABOUT_RETURN_TYPE = YES_ERROR;
				GCC_WARN_UNDECLARED_SELECTOR = YES;
				GCC_WARN_UNINITIALIZED_AUTOS = YES_AGGRESSIVE;
				GCC_WARN_UNUSED_FUNCTION = YES;
				GCC_WARN_UNUSED_VARIABLE = YES;
				IPHONEOS_DEPLOYMENT_TARGET = 9.1;
				MTL_ENABLE_DEBUG_INFO = YES;
				ONLY_ACTIVE_ARCH = YES;
				SDKROOT = iphoneos;
				SWIFT_OPTIMIZATION_LEVEL = "-Onone";
			};
			name = Debug;
		};
		736589071BF536F600B40BDA /* Release */ = {
			isa = XCBuildConfiguration;
			buildSettings = {
				ALWAYS_SEARCH_USER_PATHS = NO;
				CLANG_CXX_LANGUAGE_STANDARD = "gnu++0x";
				CLANG_CXX_LIBRARY = "libc++";
				CLANG_ENABLE_MODULES = YES;
				CLANG_ENABLE_OBJC_ARC = YES;
				CLANG_WARN_BOOL_CONVERSION = YES;
				CLANG_WARN_CONSTANT_CONVERSION = YES;
				CLANG_WARN_DIRECT_OBJC_ISA_USAGE = YES_ERROR;
				CLANG_WARN_EMPTY_BODY = YES;
				CLANG_WARN_ENUM_CONVERSION = YES;
				CLANG_WARN_INT_CONVERSION = YES;
				CLANG_WARN_OBJC_ROOT_CLASS = YES_ERROR;
				CLANG_WARN_UNREACHABLE_CODE = YES;
				CLANG_WARN__DUPLICATE_METHOD_MATCH = YES;
				"CODE_SIGN_IDENTITY[sdk=iphoneos*]" = "iPhone Developer";
				COPY_PHASE_STRIP = NO;
				DEBUG_INFORMATION_FORMAT = "dwarf-with-dsym";
				ENABLE_NS_ASSERTIONS = NO;
				ENABLE_STRICT_OBJC_MSGSEND = YES;
				GCC_C_LANGUAGE_STANDARD = gnu99;
				GCC_NO_COMMON_BLOCKS = YES;
				GCC_WARN_64_TO_32_BIT_CONVERSION = YES;
				GCC_WARN_ABOUT_RETURN_TYPE = YES_ERROR;
				GCC_WARN_UNDECLARED_SELECTOR = YES;
				GCC_WARN_UNINITIALIZED_AUTOS = YES_AGGRESSIVE;
				GCC_WARN_UNUSED_FUNCTION = YES;
				GCC_WARN_UNUSED_VARIABLE = YES;
				IPHONEOS_DEPLOYMENT_TARGET = 9.1;
				MTL_ENABLE_DEBUG_INFO = NO;
				SDKROOT = iphoneos;
				VALIDATE_PRODUCT = YES;
			};
			name = Release;
		};
		736589091BF536F600B40BDA /* Debug */ = {
			isa = XCBuildConfiguration;
			buildSettings = {
				ASSETCATALOG_COMPILER_APPICON_NAME = AppIcon;
				INFOPLIST_FILE = "iQuiz(part2)/Info.plist";
				LD_RUNPATH_SEARCH_PATHS = "$(inherited) @executable_path/Frameworks";
				PRODUCT_BUNDLE_IDENTIFIER = "edu.uw.seow.iQuiz-part2-";
				PRODUCT_NAME = "$(TARGET_NAME)";
			};
			name = Debug;
		};
		7365890A1BF536F600B40BDA /* Release */ = {
			isa = XCBuildConfiguration;
			buildSettings = {
				ASSETCATALOG_COMPILER_APPICON_NAME = AppIcon;
				INFOPLIST_FILE = "iQuiz(part2)/Info.plist";
				LD_RUNPATH_SEARCH_PATHS = "$(inherited) @executable_path/Frameworks";
				PRODUCT_BUNDLE_IDENTIFIER = "edu.uw.seow.iQuiz-part2-";
				PRODUCT_NAME = "$(TARGET_NAME)";
			};
			name = Release;
		};
		7365890C1BF536F600B40BDA /* Debug */ = {
			isa = XCBuildConfiguration;
			buildSettings = {
				BUNDLE_LOADER = "$(TEST_HOST)";
				INFOPLIST_FILE = "iQuiz(part2)Tests/Info.plist";
				LD_RUNPATH_SEARCH_PATHS = "$(inherited) @executable_path/Frameworks @loader_path/Frameworks";
				PRODUCT_BUNDLE_IDENTIFIER = "edu.uw.seow.iQuiz-part2-Tests";
				PRODUCT_NAME = "$(TARGET_NAME)";
				TEST_HOST = "$(BUILT_PRODUCTS_DIR)/iQuiz(part2).app/iQuiz(part2)";
			};
			name = Debug;
		};
		7365890D1BF536F600B40BDA /* Release */ = {
			isa = XCBuildConfiguration;
			buildSettings = {
				BUNDLE_LOADER = "$(TEST_HOST)";
				INFOPLIST_FILE = "iQuiz(part2)Tests/Info.plist";
				LD_RUNPATH_SEARCH_PATHS = "$(inherited) @executable_path/Frameworks @loader_path/Frameworks";
				PRODUCT_BUNDLE_IDENTIFIER = "edu.uw.seow.iQuiz-part2-Tests";
				PRODUCT_NAME = "$(TARGET_NAME)";
				TEST_HOST = "$(BUILT_PRODUCTS_DIR)/iQuiz(part2).app/iQuiz(part2)";
			};
			name = Release;
		};
		7365890F1BF536F600B40BDA /* Debug */ = {
			isa = XCBuildConfiguration;
			buildSettings = {
				INFOPLIST_FILE = "iQuiz(part2)UITests/Info.plist";
				LD_RUNPATH_SEARCH_PATHS = "$(inherited) @executable_path/Frameworks @loader_path/Frameworks";
				PRODUCT_BUNDLE_IDENTIFIER = "edu.uw.seow.iQuiz-part2-UITests";
				PRODUCT_NAME = "$(TARGET_NAME)";
				TEST_TARGET_NAME = "iQuiz(part2)";
				USES_XCTRUNNER = YES;
			};
			name = Debug;
		};
		736589101BF536F600B40BDA /* Release */ = {
			isa = XCBuildConfiguration;
			buildSettings = {
				INFOPLIST_FILE = "iQuiz(part2)UITests/Info.plist";
				LD_RUNPATH_SEARCH_PATHS = "$(inherited) @executable_path/Frameworks @loader_path/Frameworks";
				PRODUCT_BUNDLE_IDENTIFIER = "edu.uw.seow.iQuiz-part2-UITests";
				PRODUCT_NAME = "$(TARGET_NAME)";
				TEST_TARGET_NAME = "iQuiz(part2)";
				USES_XCTRUNNER = YES;
			};
			name = Release;
		};
/* End XCBuildConfiguration section */

/* Begin XCConfigurationList section */
		736588DB1BF536F600B40BDA /* Build configuration list for PBXProject "iQuiz(part2)" */ = {
			isa = XCConfigurationList;
			buildConfigurations = (
				736589061BF536F600B40BDA /* Debug */,
				736589071BF536F600B40BDA /* Release */,
			);
			defaultConfigurationIsVisible = 0;
			defaultConfigurationName = Release;
		};
		736589081BF536F600B40BDA /* Build configuration list for PBXNativeTarget "iQuiz(part2)" */ = {
			isa = XCConfigurationList;
			buildConfigurations = (
				736589091BF536F600B40BDA /* Debug */,
				7365890A1BF536F600B40BDA /* Release */,
			);
			defaultConfigurationIsVisible = 0;
			defaultConfigurationName = Release;
		};
		7365890B1BF536F600B40BDA /* Build configuration list for PBXNativeTarget "iQuiz(part2)Tests" */ = {
			isa = XCConfigurationList;
			buildConfigurations = (
				7365890C1BF536F600B40BDA /* Debug */,
				7365890D1BF536F600B40BDA /* Release */,
			);
			defaultConfigurationIsVisible = 0;
			defaultConfigurationName = Release;
		};
		7365890E1BF536F600B40BDA /* Build configuration list for PBXNativeTarget "iQuiz(part2)UITests" */ = {
			isa = XCConfigurationList;
			buildConfigurations = (
				7365890F1BF536F600B40BDA /* Debug */,
				736589101BF536F600B40BDA /* Release */,
			);
			defaultConfigurationIsVisible = 0;
			defaultConfigurationName = Release;
		};
/* End XCConfigurationList section */
	};
	rootObject = 736588D81BF536F600B40BDA /* Project object */;
}
